// !$*UTF8*$!
{
	archiveVersion = 1;
	classes = {
	};
	objectVersion = 46;
	objects = {

/* Begin PBXBuildFile section */
		91316CBD1C4E03B700D24807 /* SecondViewController.swift in Sources */ = {isa = PBXBuildFile; fileRef = 91316CBC1C4E03B700D24807 /* SecondViewController.swift */; };
		91316CBF1C4E085B00D24807 /* settings.png in Resources */ = {isa = PBXBuildFile; fileRef = 91316CBE1C4E085B00D24807 /* settings.png */; };
		91316CC11C4E0D3A00D24807 /* Settings.swift in Sources */ = {isa = PBXBuildFile; fileRef = 91316CC01C4E0D3A00D24807 /* Settings.swift */; };
		9137BAB21C4DE10000DC70C6 /* five.png in Resources */ = {isa = PBXBuildFile; fileRef = 9137BAB11C4DE10000DC70C6 /* five.png */; };
		9137BAB41C4DF74000DC70C6 /* OtherViewController.swift in Sources */ = {isa = PBXBuildFile; fileRef = 9137BAB31C4DF74000DC70C6 /* OtherViewController.swift */; };
		914761ED1C4D8C010081F77F /* AppDelegate.swift in Sources */ = {isa = PBXBuildFile; fileRef = 914761EC1C4D8C010081F77F /* AppDelegate.swift */; };
		914761EF1C4D8C010081F77F /* ViewController.swift in Sources */ = {isa = PBXBuildFile; fileRef = 914761EE1C4D8C010081F77F /* ViewController.swift */; };
		914761F21C4D8C010081F77F /* Main.storyboard in Resources */ = {isa = PBXBuildFile; fileRef = 914761F01C4D8C010081F77F /* Main.storyboard */; };
		914761F41C4D8C010081F77F /* Assets.xcassets in Resources */ = {isa = PBXBuildFile; fileRef = 914761F31C4D8C010081F77F /* Assets.xcassets */; };
		914761F71C4D8C010081F77F /* LaunchScreen.storyboard in Resources */ = {isa = PBXBuildFile; fileRef = 914761F51C4D8C010081F77F /* LaunchScreen.storyboard */; };
		914762021C4D8C010081F77F /* TimerTests.swift in Sources */ = {isa = PBXBuildFile; fileRef = 914762011C4D8C010081F77F /* TimerTests.swift */; };
		9147620D1C4D8C020081F77F /* TimerUITests.swift in Sources */ = {isa = PBXBuildFile; fileRef = 9147620C1C4D8C020081F77F /* TimerUITests.swift */; };
/* End PBXBuildFile section */

/* Begin PBXContainerItemProxy section */
		914761FE1C4D8C010081F77F /* PBXContainerItemProxy */ = {
			isa = PBXContainerItemProxy;
			containerPortal = 914761E11C4D8C010081F77F /* Project object */;
			proxyType = 1;
			remoteGlobalIDString = 914761E81C4D8C010081F77F;
			remoteInfo = Timer;
		};
		914762091C4D8C020081F77F /* PBXContainerItemProxy */ = {
			isa = PBXContainerItemProxy;
			containerPortal = 914761E11C4D8C010081F77F /* Project object */;
			proxyType = 1;
			remoteGlobalIDString = 914761E81C4D8C010081F77F;
			remoteInfo = Timer;
		};
/* End PBXContainerItemProxy section */

/* Begin PBXFileReference section */
		91316CBC1C4E03B700D24807 /* SecondViewController.swift */ = {isa = PBXFileReference; fileEncoding = 4; lastKnownFileType = sourcecode.swift; path = SecondViewController.swift; sourceTree = "<group>"; };
		91316CBE1C4E085B00D24807 /* settings.png */ = {isa = PBXFileReference; lastKnownFileType = image.png; path = settings.png; sourceTree = "<group>"; };
		91316CC01C4E0D3A00D24807 /* Settings.swift */ = {isa = PBXFileReference; fileEncoding = 4; lastKnownFileType = sourcecode.swift; path = Settings.swift; sourceTree = "<group>"; };
		9137BAB11C4DE10000DC70C6 /* five.png */ = {isa = PBXFileReference; lastKnownFileType = image.png; path = five.png; sourceTree = "<group>"; };
		9137BAB31C4DF74000DC70C6 /* OtherViewController.swift */ = {isa = PBXFileReference; fileEncoding = 4; lastKnownFileType = sourcecode.swift; path = OtherViewController.swift; sourceTree = "<group>"; };
		914761E91C4D8C010081F77F /* Timer.app */ = {isa = PBXFileReference; explicitFileType = wrapper.application; includeInIndex = 0; path = Timer.app; sourceTree = BUILT_PRODUCTS_DIR; };
		914761EC1C4D8C010081F77F /* AppDelegate.swift */ = {isa = PBXFileReference; lastKnownFileType = sourcecode.swift; path = AppDelegate.swift; sourceTree = "<group>"; };
		914761EE1C4D8C010081F77F /* ViewController.swift */ = {isa = PBXFileReference; lastKnownFileType = sourcecode.swift; path = ViewController.swift; sourceTree = "<group>"; };
		914761F11C4D8C010081F77F /* Base */ = {isa = PBXFileReference; lastKnownFileType = file.storyboard; name = Base; path = Base.lproj/Main.storyboard; sourceTree = "<group>"; };
		914761F31C4D8C010081F77F /* Assets.xcassets */ = {isa = PBXFileReference; lastKnownFileType = folder.assetcatalog; path = Assets.xcassets; sourceTree = "<group>"; };
		914761F61C4D8C010081F77F /* Base */ = {isa = PBXFileReference; lastKnownFileType = file.storyboard; name = Base; path = Base.lproj/LaunchScreen.storyboard; sourceTree = "<group>"; };
		914761F81C4D8C010081F77F /* Info.plist */ = {isa = PBXFileReference; lastKnownFileType = text.plist.xml; path = Info.plist; sourceTree = "<group>"; };
		914761FD1C4D8C010081F77F /* TimerTests.xctest */ = {isa = PBXFileReference; explicitFileType = wrapper.cfbundle; includeInIndex = 0; path = TimerTests.xctest; sourceTree = BUILT_PRODUCTS_DIR; };
		914762011C4D8C010081F77F /* TimerTests.swift */ = {isa = PBXFileReference; lastKnownFileType = sourcecode.swift; path = TimerTests.swift; sourceTree = "<group>"; };
		914762031C4D8C010081F77F /* Info.plist */ = {isa = PBXFileReference; lastKnownFileType = text.plist.xml; path = Info.plist; sourceTree = "<group>"; };
		914762081C4D8C020081F77F /* TimerUITests.xctest */ = {isa = PBXFileReference; explicitFileType = wrapper.cfbundle; includeInIndex = 0; path = TimerUITests.xctest; sourceTree = BUILT_PRODUCTS_DIR; };
		9147620C1C4D8C020081F77F /* TimerUITests.swift */ = {isa = PBXFileReference; lastKnownFileType = sourcecode.swift; path = TimerUITests.swift; sourceTree = "<group>"; };
		9147620E1C4D8C020081F77F /* Info.plist */ = {isa = PBXFileReference; lastKnownFileType = text.plist.xml; path = Info.plist; sourceTree = "<group>"; };
/* End PBXFileReference section */

/* Begin PBXFrameworksBuildPhase section */
		914761E61C4D8C010081F77F /* Frameworks */ = {
			isa = PBXFrameworksBuildPhase;
			buildActionMask = 2147483647;
			files = (
			);
			runOnlyForDeploymentPostprocessing = 0;
		};
		914761FA1C4D8C010081F77F /* Frameworks */ = {
			isa = PBXFrameworksBuildPhase;
			buildActionMask = 2147483647;
			files = (
			);
			runOnlyForDeploymentPostprocessing = 0;
		};
		914762051C4D8C020081F77F /* Frameworks */ = {
			isa = PBXFrameworksBuildPhase;
			buildActionMask = 2147483647;
			files = (
			);
			runOnlyForDeploymentPostprocessing = 0;
		};
/* End PBXFrameworksBuildPhase section */

/* Begin PBXGroup section */
		914761E01C4D8C010081F77F = {
			isa = PBXGroup;
			children = (
				914761EB1C4D8C010081F77F /* Timer */,
				914762001C4D8C010081F77F /* TimerTests */,
				9147620B1C4D8C020081F77F /* TimerUITests */,
				914761EA1C4D8C010081F77F /* Products */,
			);
			sourceTree = "<group>";
		};
		914761EA1C4D8C010081F77F /* Products */ = {
			isa = PBXGroup;
			children = (
				914761E91C4D8C010081F77F /* Timer.app */,
				914761FD1C4D8C010081F77F /* TimerTests.xctest */,
				914762081C4D8C020081F77F /* TimerUITests.xctest */,
			);
			name = Products;
			sourceTree = "<group>";
		};
		914761EB1C4D8C010081F77F /* Timer */ = {
			isa = PBXGroup;
			children = (
				914761EC1C4D8C010081F77F /* AppDelegate.swift */,
				914761EE1C4D8C010081F77F /* ViewController.swift */,
				91316CBC1C4E03B700D24807 /* SecondViewController.swift */,
				91316CC01C4E0D3A00D24807 /* Settings.swift */,
				914761F01C4D8C010081F77F /* Main.storyboard */,
				914761F31C4D8C010081F77F /* Assets.xcassets */,
				914761F51C4D8C010081F77F /* LaunchScreen.storyboard */,
				914761F81C4D8C010081F77F /* Info.plist */,
				9137BAB11C4DE10000DC70C6 /* five.png */,
				91316CBE1C4E085B00D24807 /* settings.png */,
				9137BAB31C4DF74000DC70C6 /* OtherViewController.swift */,
			);
			path = Timer;
			sourceTree = "<group>";
		};
		914762001C4D8C010081F77F /* TimerTests */ = {
			isa = PBXGroup;
			children = (
				914762011C4D8C010081F77F /* TimerTests.swift */,
				914762031C4D8C010081F77F /* Info.plist */,
			);
			path = TimerTests;
			sourceTree = "<group>";
		};
		9147620B1C4D8C020081F77F /* TimerUITests */ = {
			isa = PBXGroup;
			children = (
				9147620C1C4D8C020081F77F /* TimerUITests.swift */,
				9147620E1C4D8C020081F77F /* Info.plist */,
			);
			path = TimerUITests;
			sourceTree = "<group>";
		};
/* End PBXGroup section */

/* Begin PBXNativeTarget section */
		914761E81C4D8C010081F77F /* Timer */ = {
			isa = PBXNativeTarget;
			buildConfigurationList = 914762111C4D8C020081F77F /* Build configuration list for PBXNativeTarget "Timer" */;
			buildPhases = (
				914761E51C4D8C010081F77F /* Sources */,
				914761E61C4D8C010081F77F /* Frameworks */,
				914761E71C4D8C010081F77F /* Resources */,
			);
			buildRules = (
			);
			dependencies = (
			);
			name = Timer;
			productName = Timer;
			productReference = 914761E91C4D8C010081F77F /* Timer.app */;
			productType = "com.apple.product-type.application";
		};
		914761FC1C4D8C010081F77F /* TimerTests */ = {
			isa = PBXNativeTarget;
			buildConfigurationList = 914762141C4D8C020081F77F /* Build configuration list for PBXNativeTarget "TimerTests" */;
			buildPhases = (
				914761F91C4D8C010081F77F /* Sources */,
				914761FA1C4D8C010081F77F /* Frameworks */,
				914761FB1C4D8C010081F77F /* Resources */,
			);
			buildRules = (
			);
			dependencies = (
				914761FF1C4D8C010081F77F /* PBXTargetDependency */,
			);
			name = TimerTests;
			productName = TimerTests;
			productReference = 914761FD1C4D8C010081F77F /* TimerTests.xctest */;
			productType = "com.apple.product-type.bundle.unit-test";
		};
		914762071C4D8C020081F77F /* TimerUITests */ = {
			isa = PBXNativeTarget;
			buildConfigurationList = 914762171C4D8C020081F77F /* Build configuration list for PBXNativeTarget "TimerUITests" */;
			buildPhases = (
				914762041C4D8C020081F77F /* Sources */,
				914762051C4D8C020081F77F /* Frameworks */,
				914762061C4D8C020081F77F /* Resources */,
			);
			buildRules = (
			);
			dependencies = (
				9147620A1C4D8C020081F77F /* PBXTargetDependency */,
			);
			name = TimerUITests;
			productName = TimerUITests;
			productReference = 914762081C4D8C020081F77F /* TimerUITests.xctest */;
			productType = "com.apple.product-type.bundle.ui-testing";
		};
/* End PBXNativeTarget section */

/* Begin PBXProject section */
		914761E11C4D8C010081F77F /* Project object */ = {
			isa = PBXProject;
			attributes = {
				LastSwiftUpdateCheck = 0720;
				LastUpgradeCheck = 0720;
				ORGANIZATIONNAME = "Dave&Joe";
				TargetAttributes = {
					914761E81C4D8C010081F77F = {
						CreatedOnToolsVersion = 7.2;
					};
					914761FC1C4D8C010081F77F = {
						CreatedOnToolsVersion = 7.2;
						TestTargetID = 914761E81C4D8C010081F77F;
					};
					914762071C4D8C020081F77F = {
						CreatedOnToolsVersion = 7.2;
						TestTargetID = 914761E81C4D8C010081F77F;
					};
				};
			};
			buildConfigurationList = 914761E41C4D8C010081F77F /* Build configuration list for PBXProject "Timer" */;
			compatibilityVersion = "Xcode 3.2";
			developmentRegion = English;
			hasScannedForEncodings = 0;
			knownRegions = (
				en,
				Base,
			);
			mainGroup = 914761E01C4D8C010081F77F;
			productRefGroup = 914761EA1C4D8C010081F77F /* Products */;
			projectDirPath = "";
			projectRoot = "";
			targets = (
				914761E81C4D8C010081F77F /* Timer */,
				914761FC1C4D8C010081F77F /* TimerTests */,
				914762071C4D8C020081F77F /* TimerUITests */,
			);
		};
/* End PBXProject section */

/* Begin PBXResourcesBuildPhase section */
		914761E71C4D8C010081F77F /* Resources */ = {
			isa = PBXResourcesBuildPhase;
			buildActionMask = 2147483647;
			files = (
				914761F71C4D8C010081F77F /* LaunchScreen.storyboard in Resources */,
				91316CBF1C4E085B00D24807 /* settings.png in Resources */,
				9137BAB21C4DE10000DC70C6 /* five.png in Resources */,
				914761F41C4D8C010081F77F /* Assets.xcassets in Resources */,
				914761F21C4D8C010081F77F /* Main.storyboard in Resources */,
			);
			runOnlyForDeploymentPostprocessing = 0;
		};
		914761FB1C4D8C010081F77F /* Resources */ = {
			isa = PBXResourcesBuildPhase;
			buildActionMask = 2147483647;
			files = (
			);
			runOnlyForDeploymentPostprocessing = 0;
		};
		914762061C4D8C020081F77F /* Resources */ = {
			isa = PBXResourcesBuildPhase;
			buildActionMask = 2147483647;
			files = (
			);
			runOnlyForDeploymentPostprocessing = 0;
		};
/* End PBXResourcesBuildPhase section */

/* Begin PBXSourcesBuildPhase section */
		914761E51C4D8C010081F77F /* Sources */ = {
			isa = PBXSourcesBuildPhase;
			buildActionMask = 2147483647;
			files = (
				91316CBD1C4E03B700D24807 /* SecondViewController.swift in Sources */,
				914761EF1C4D8C010081F77F /* ViewController.swift in Sources */,
				9137BAB41C4DF74000DC70C6 /* OtherViewController.swift in Sources */,
				914761ED1C4D8C010081F77F /* AppDelegate.swift in Sources */,
				91316CC11C4E0D3A00D24807 /* Settings.swift in Sources */,
			);
			runOnlyForDeploymentPostprocessing = 0;
		};
		914761F91C4D8C010081F77F /* Sources */ = {
			isa = PBXSourcesBuildPhase;
			buildActionMask = 2147483647;
			files = (
				914762021C4D8C010081F77F /* TimerTests.swift in Sources */,
			);
			runOnlyForDeploymentPostprocessing = 0;
		};
		914762041C4D8C020081F77F /* Sources */ = {
			isa = PBXSourcesBuildPhase;
			buildActionMask = 2147483647;
			files = (
				9147620D1C4D8C020081F77F /* TimerUITests.swift in Sources */,
			);
			runOnlyForDeploymentPostprocessing = 0;
		};
/* End PBXSourcesBuildPhase section */

/* Begin PBXTargetDependency section */
		914761FF1C4D8C010081F77F /* PBXTargetDependency */ = {
			isa = PBXTargetDependency;
			target = 914761E81C4D8C010081F77F /* Timer */;
			targetProxy = 914761FE1C4D8C010081F77F /* PBXContainerItemProxy */;
		};
		9147620A1C4D8C020081F77F /* PBXTargetDependency */ = {
			isa = PBXTargetDependency;
			target = 914761E81C4D8C010081F77F /* Timer */;
			targetProxy = 914762091C4D8C020081F77F /* PBXContainerItemProxy */;
		};
/* End PBXTargetDependency section */

/* Begin PBXVariantGroup section */
		914761F01C4D8C010081F77F /* Main.storyboard */ = {
			isa = PBXVariantGroup;
			children = (
				914761F11C4D8C010081F77F /* Base */,
			);
			name = Main.storyboard;
			sourceTree = "<group>";
		};
		914761F51C4D8C010081F77F /* LaunchScreen.storyboard */ = {
			isa = PBXVariantGroup;
			children = (
				914761F61C4D8C010081F77F /* Base */,
			);
			name = LaunchScreen.storyboard;
			sourceTree = "<group>";
		};
/* End PBXVariantGroup section */

/* Begin XCBuildConfiguration section */
		9147620F1C4D8C020081F77F /* Debug */ = {
			isa = XCBuildConfiguration;
			buildSettings = {
				ALWAYS_SEARCH_USER_PATHS = NO;
				CLANG_CXX_LANGUAGE_STANDARD = "gnu++0x";
				CLANG_CXX_LIBRARY = "libc++";
				CLANG_ENABLE_MODULES = YES;
				CLANG_ENABLE_OBJC_ARC = YES;
				CLANG_WARN_BOOL_CONVERSION = YES;
				CLANG_WARN_CONSTANT_CONVERSION = YES;
				CLANG_WARN_DIRECT_OBJC_ISA_USAGE = YES_ERROR;
				CLANG_WARN_EMPTY_BODY = YES;
				CLANG_WARN_ENUM_CONVERSION = YES;
				CLANG_WARN_INT_CONVERSION = YES;
				CLANG_WARN_OBJC_ROOT_CLASS = YES_ERROR;
				CLANG_WARN_UNREACHABLE_CODE = YES;
				CLANG_WARN__DUPLICATE_METHOD_MATCH = YES;
				"CODE_SIGN_IDENTITY[sdk=iphoneos*]" = "iPhone Developer";
				COPY_PHASE_STRIP = NO;
				DEBUG_INFORMATION_FORMAT = dwarf;
				ENABLE_STRICT_OBJC_MSGSEND = YES;
				ENABLE_TESTABILITY = YES;
				GCC_C_LANGUAGE_STANDARD = gnu99;
				GCC_DYNAMIC_NO_PIC = NO;
				GCC_NO_COMMON_BLOCKS = YES;
				GCC_OPTIMIZATION_LEVEL = 0;
				GCC_PREPROCESSOR_DEFINITIONS = (
					"DEBUG=1",
					"$(inherited)",
				);
				GCC_WARN_64_TO_32_BIT_CONVERSION = YES;
				GCC_WARN_ABOUT_RETURN_TYPE = YES_ERROR;
				GCC_WARN_UNDECLARED_SELECTOR = YES;
				GCC_WARN_UNINITIALIZED_AUTOS = YES_AGGRESSIVE;
				GCC_WARN_UNUSED_FUNCTION = YES;
				GCC_WARN_UNUSED_VARIABLE = YES;
				IPHONEOS_DEPLOYMENT_TARGET = 9.2;
				MTL_ENABLE_DEBUG_INFO = YES;
				ONLY_ACTIVE_ARCH = YES;
				SDKROOT = iphoneos;
				SWIFT_OPTIMIZATION_LEVEL = "-Onone";
			};
			name = Debug;
		};
		914762101C4D8C020081F77F /* Release */ = {
			isa = XCBuildConfiguration;
			buildSettings = {
				ALWAYS_SEARCH_USER_PATHS = NO;
				CLANG_CXX_LANGUAGE_STANDARD = "gnu++0x";
				CLANG_CXX_LIBRARY = "libc++";
				CLANG_ENABLE_MODULES = YES;
				CLANG_ENABLE_OBJC_ARC = YES;
				CLANG_WARN_BOOL_CONVERSION = YES;
				CLANG_WARN_CONSTANT_CONVERSION = YES;
				CLANG_WARN_DIRECT_OBJC_ISA_USAGE = YES_ERROR;
				CLANG_WARN_EMPTY_BODY = YES;
				CLANG_WARN_ENUM_CONVERSION = YES;
				CLANG_WARN_INT_CONVERSION = YES;
				CLANG_WARN_OBJC_ROOT_CLASS = YES_ERROR;
				CLANG_WARN_UNREACHABLE_CODE = YES;
				CLANG_WARN__DUPLICATE_METHOD_MATCH = YES;
				"CODE_SIGN_IDENTITY[sdk=iphoneos*]" = "iPhone Developer";
				COPY_PHASE_STRIP = NO;
				DEBUG_INFORMATION_FORMAT = "dwarf-with-dsym";
				ENABLE_NS_ASSERTIONS = NO;
				ENABLE_STRICT_OBJC_MSGSEND = YES;
				GCC_C_LANGUAGE_STANDARD = gnu99;
				GCC_NO_COMMON_BLOCKS = YES;
				GCC_WARN_64_TO_32_BIT_CONVERSION = YES;
				GCC_WARN_ABOUT_RETURN_TYPE = YES_ERROR;
				GCC_WARN_UNDECLARED_SELECTOR = YES;
				GCC_WARN_UNINITIALIZED_AUTOS = YES_AGGRESSIVE;
				GCC_WARN_UNUSED_FUNCTION = YES;
				GCC_WARN_UNUSED_VARIABLE = YES;
				IPHONEOS_DEPLOYMENT_TARGET = 9.2;
				MTL_ENABLE_DEBUG_INFO = NO;
				SDKROOT = iphoneos;
				VALIDATE_PRODUCT = YES;
			};
			name = Release;
		};
		914762121C4D8C020081F77F /* Debug */ = {
			isa = XCBuildConfiguration;
			buildSettings = {
				ASSETCATALOG_COMPILER_APPICON_NAME = AppIcon;
				INFOPLIST_FILE = Timer/Info.plist;
				LD_RUNPATH_SEARCH_PATHS = "$(inherited) @executable_path/Frameworks";
				PRODUCT_BUNDLE_IDENTIFIER = "Dave-Joe.Timer";
				PRODUCT_NAME = "$(TARGET_NAME)";
			};
			name = Debug;
		};
		914762131C4D8C020081F77F /* Release */ = {
			isa = XCBuildConfiguration;
			buildSettings = {
				ASSETCATALOG_COMPILER_APPICON_NAME = AppIcon;
				INFOPLIST_FILE = Timer/Info.plist;
				LD_RUNPATH_SEARCH_PATHS = "$(inherited) @executable_path/Frameworks";
				PRODUCT_BUNDLE_IDENTIFIER = "Dave-Joe.Timer";
				PRODUCT_NAME = "$(TARGET_NAME)";
			};
			name = Release;
		};
		914762151C4D8C020081F77F /* Debug */ = {
			isa = XCBuildConfiguration;
			buildSettings = {
				BUNDLE_LOADER = "$(TEST_HOST)";
				INFOPLIST_FILE = TimerTests/Info.plist;
				LD_RUNPATH_SEARCH_PATHS = "$(inherited) @executable_path/Frameworks @loader_path/Frameworks";
				PRODUCT_BUNDLE_IDENTIFIER = "Dave-Joe.TimerTests";
				PRODUCT_NAME = "$(TARGET_NAME)";
				TEST_HOST = "$(BUILT_PRODUCTS_DIR)/Timer.app/Timer";
			};
			name = Debug;
		};
		914762161C4D8C020081F77F /* Release */ = {
			isa = XCBuildConfiguration;
			buildSettings = {
				BUNDLE_LOADER = "$(TEST_HOST)";
				INFOPLIST_FILE = TimerTests/Info.plist;
				LD_RUNPATH_SEARCH_PATHS = "$(inherited) @executable_path/Frameworks @loader_path/Frameworks";
				PRODUCT_BUNDLE_IDENTIFIER = "Dave-Joe.TimerTests";
				PRODUCT_NAME = "$(TARGET_NAME)";
				TEST_HOST = "$(BUILT_PRODUCTS_DIR)/Timer.app/Timer";
			};
			name = Release;
		};
		914762181C4D8C020081F77F /* Debug */ = {
			isa = XCBuildConfiguration;
			buildSettings = {
				INFOPLIST_FILE = TimerUITests/Info.plist;
				LD_RUNPATH_SEARCH_PATHS = "$(inherited) @executable_path/Frameworks @loader_path/Frameworks";
				PRODUCT_BUNDLE_IDENTIFIER = "Dave-Joe.TimerUITests";
				PRODUCT_NAME = "$(TARGET_NAME)";
				TEST_TARGET_NAME = Timer;
				USES_XCTRUNNER = YES;
			};
			name = Debug;
		};
		914762191C4D8C020081F77F /* Release */ = {
			isa = XCBuildConfiguration;
			buildSettings = {
				INFOPLIST_FILE = TimerUITests/Info.plist;
				LD_RUNPATH_SEARCH_PATHS = "$(inherited) @executable_path/Frameworks @loader_path/Frameworks";
				PRODUCT_BUNDLE_IDENTIFIER = "Dave-Joe.TimerUITests";
				PRODUCT_NAME = "$(TARGET_NAME)";
				TEST_TARGET_NAME = Timer;
				USES_XCTRUNNER = YES;
			};
			name = Release;
		};
/* End XCBuildConfiguration section */

/* Begin XCConfigurationList section */
		914761E41C4D8C010081F77F /* Build configuration list for PBXProject "Timer" */ = {
			isa = XCConfigurationList;
			buildConfigurations = (
				9147620F1C4D8C020081F77F /* Debug */,
				914762101C4D8C020081F77F /* Release */,
			);
			defaultConfigurationIsVisible = 0;
			defaultConfigurationName = Release;
		};
		914762111C4D8C020081F77F /* Build configuration list for PBXNativeTarget "Timer" */ = {
			isa = XCConfigurationList;
			buildConfigurations = (
				914762121C4D8C020081F77F /* Debug */,
				914762131C4D8C020081F77F /* Release */,
			);
			defaultConfigurationIsVisible = 0;
			defaultConfigurationName = Release;
		};
		914762141C4D8C020081F77F /* Build configuration list for PBXNativeTarget "TimerTests" */ = {
			isa = XCConfigurationList;
			buildConfigurations = (
				914762151C4D8C020081F77F /* Debug */,
				914762161C4D8C020081F77F /* Release */,
			);
			defaultConfigurationIsVisible = 0;
			defaultConfigurationName = Release;
		};
		914762171C4D8C020081F77F /* Build configuration list for PBXNativeTarget "TimerUITests" */ = {
			isa = XCConfigurationList;
			buildConfigurations = (
				914762181C4D8C020081F77F /* Debug */,
				914762191C4D8C020081F77F /* Release */,
			);
			defaultConfigurationIsVisible = 0;
			defaultConfigurationName = Release;
		};
/* End XCConfigurationList section */
	};
	rootObject = 914761E11C4D8C010081F77F /* Project object */;
}
